
Microsoft Visual Studio Solution File, Format Version 12.00
# Visual Studio Version 17
VisualStudioVersion = 17.12.35514.174
MinimumVisualStudioVersion = 10.0.40219.1
Project("{FAE04EC0-301F-11D3-BF4B-00C04F79EFBC}") = "Api", "Bootstrapper\Api\Api.csproj", "{D6ABB0E9-39BD-41A2-BE9B-73C11F6C393E}"
EndProject
Project("{2150E333-8FDC-42A3-9474-1A3956D46DE8}") = "Bootstrapper", "Bootstrapper", "{89FE27CF-75C3-4A5D-953B-CC7D1098890F}"
EndProject
Project("{2150E333-8FDC-42A3-9474-1A3956D46DE8}") = "Modules", "Modules", "{0797F8BB-0308-41CE-9DB9-1E9F8F94452C}"
EndProject
Project("{2150E333-8FDC-42A3-9474-1A3956D46DE8}") = "Basket", "Basket", "{0214AFB7-F924-4CC6-B462-2798AF99DEDD}"
EndProject
Project("{2150E333-8FDC-42A3-9474-1A3956D46DE8}") = "Catalog", "Catalog", "{69B2ABC4-4A75-46BF-A08E-A9776AF96A22}"
EndProject
Project("{2150E333-8FDC-42A3-9474-1A3956D46DE8}") = "Ordering", "Ordering", "{20CC4FA8-1FBC-4E5C-AA5C-E86AFD5D0188}"
EndProject
Project("{2150E333-8FDC-42A3-9474-1A3956D46DE8}") = "Shared", "Shared", "{A3314BAE-6B3A-455A-B41B-CF21D7AD213E}"
EndProject
Project("{FAE04EC0-301F-11D3-BF4B-00C04F79EFBC}") = "Basket", "Modules\Basket\Basket.csproj", "{B97C5577-E667-4531-9079-3E1F5913CCD1}"
EndProject
Project("{FAE04EC0-301F-11D3-BF4B-00C04F79EFBC}") = "Catalog", "Modules\Catalog\Catalog.csproj", "{445803FF-F362-40E5-A3A8-C9C132F100D4}"
EndProject
Project("{FAE04EC0-301F-11D3-BF4B-00C04F79EFBC}") = "Ordering", "Modules\Ordering\Ordering.csproj", "{6D2DD203-8DFA-4E75-A354-925F2E7048F9}"
EndProject
Project("{FAE04EC0-301F-11D3-BF4B-00C04F79EFBC}") = "Shared", "Shared\Shared.csproj", "{8C2C3E4A-6292-4333-BDF3-041BB90107D6}"
EndProject
Project("{E53339B2-1760-4266-BCC7-CA923CBCF16C}") = "docker-compose", "docker-compose.dcproj", "{B8304BA3-709A-4685-A99C-0830D09466FF}"
EndProject
Global
	GlobalSection(SolutionConfigurationPlatforms) = preSolution
		Debug|Any CPU = Debug|Any CPU
		Release|Any CPU = Release|Any CPU
	EndGlobalSection
	GlobalSection(ProjectConfigurationPlatforms) = postSolution
		{D6ABB0E9-39BD-41A2-BE9B-73C11F6C393E}.Debug|Any CPU.ActiveCfg = Debug|Any CPU
		{D6ABB0E9-39BD-41A2-BE9B-73C11F6C393E}.Debug|Any CPU.Build.0 = Debug|Any CPU
		{D6ABB0E9-39BD-41A2-BE9B-73C11F6C393E}.Release|Any CPU.ActiveCfg = Release|Any CPU
		{D6ABB0E9-39BD-41A2-BE9B-73C11F6C393E}.Release|Any CPU.Build.0 = Release|Any CPU
		{B97C5577-E667-4531-9079-3E1F5913CCD1}.Debug|Any CPU.ActiveCfg = Debug|Any CPU
		{B97C5577-E667-4531-9079-3E1F5913CCD1}.Debug|Any CPU.Build.0 = Debug|Any CPU
		{B97C5577-E667-4531-9079-3E1F5913CCD1}.Release|Any CPU.ActiveCfg = Release|Any CPU
		{B97C5577-E667-4531-9079-3E1F5913CCD1}.Release|Any CPU.Build.0 = Release|Any CPU
		{445803FF-F362-40E5-A3A8-C9C132F100D4}.Debug|Any CPU.ActiveCfg = Debug|Any CPU
		{445803FF-F362-40E5-A3A8-C9C132F100D4}.Debug|Any CPU.Build.0 = Debug|Any CPU
		{445803FF-F362-40E5-A3A8-C9C132F100D4}.Release|Any CPU.ActiveCfg = Release|Any CPU
		{445803FF-F362-40E5-A3A8-C9C132F100D4}.Release|Any CPU.Build.0 = Release|Any CPU
		{6D2DD203-8DFA-4E75-A354-925F2E7048F9}.Debug|Any CPU.ActiveCfg = Debug|Any CPU
		{6D2DD203-8DFA-4E75-A354-925F2E7048F9}.Debug|Any CPU.Build.0 = Debug|Any CPU
		{6D2DD203-8DFA-4E75-A354-925F2E7048F9}.Release|Any CPU.ActiveCfg = Release|Any CPU
		{6D2DD203-8DFA-4E75-A354-925F2E7048F9}.Release|Any CPU.Build.0 = Release|Any CPU
		{8C2C3E4A-6292-4333-BDF3-041BB90107D6}.Debug|Any CPU.ActiveCfg = Debug|Any CPU
		{8C2C3E4A-6292-4333-BDF3-041BB90107D6}.Debug|Any CPU.Build.0 = Debug|Any CPU
		{8C2C3E4A-6292-4333-BDF3-041BB90107D6}.Release|Any CPU.ActiveCfg = Release|Any CPU
		{8C2C3E4A-6292-4333-BDF3-041BB90107D6}.Release|Any CPU.Build.0 = Release|Any CPU
		{B8304BA3-709A-4685-A99C-0830D09466FF}.Debug|Any CPU.ActiveCfg = Debug|Any CPU
		{B8304BA3-709A-4685-A99C-0830D09466FF}.Debug|Any CPU.Build.0 = Debug|Any CPU
		{B8304BA3-709A-4685-A99C-0830D09466FF}.Release|Any CPU.ActiveCfg = Release|Any CPU
		{B8304BA3-709A-4685-A99C-0830D09466FF}.Release|Any CPU.Build.0 = Release|Any CPU
	EndGlobalSection
	GlobalSection(SolutionProperties) = preSolution
		HideSolutionNode = FALSE
	EndGlobalSection
	GlobalSection(NestedProjects) = preSolution
		{D6ABB0E9-39BD-41A2-BE9B-73C11F6C393E} = {89FE27CF-75C3-4A5D-953B-CC7D1098890F}
		{0214AFB7-F924-4CC6-B462-2798AF99DEDD} = {0797F8BB-0308-41CE-9DB9-1E9F8F94452C}
		{69B2ABC4-4A75-46BF-A08E-A9776AF96A22} = {0797F8BB-0308-41CE-9DB9-1E9F8F94452C}
		{20CC4FA8-1FBC-4E5C-AA5C-E86AFD5D0188} = {0797F8BB-0308-41CE-9DB9-1E9F8F94452C}
		{B97C5577-E667-4531-9079-3E1F5913CCD1} = {0214AFB7-F924-4CC6-B462-2798AF99DEDD}
		{445803FF-F362-40E5-A3A8-C9C132F100D4} = {69B2ABC4-4A75-46BF-A08E-A9776AF96A22}
		{6D2DD203-8DFA-4E75-A354-925F2E7048F9} = {20CC4FA8-1FBC-4E5C-AA5C-E86AFD5D0188}
		{8C2C3E4A-6292-4333-BDF3-041BB90107D6} = {A3314BAE-6B3A-455A-B41B-CF21D7AD213E}
	EndGlobalSection
EndGlobal
